
Microsoft Visual Studio Solution File, Format Version 12.00
# Visual Studio Version 17
VisualStudioVersion = 17.8.34330.188
MinimumVisualStudioVersion = 10.0.40219.1
Project("{FAE04EC0-301F-11D3-BF4B-00C04F79EFBC}") = "Atividade Reenvio", "Atividade Reenvio\Atividade Reenvio.csproj", "{6CA1AF5C-5D29-475A-98C5-9E505EE96139}"
EndProject
Global
	GlobalSection(SolutionConfigurationPlatforms) = preSolution
		Debug|Any CPU = Debug|Any CPU
		Release|Any CPU = Release|Any CPU
	EndGlobalSection
	GlobalSection(ProjectConfigurationPlatforms) = postSolution
		{6CA1AF5C-5D29-475A-98C5-9E505EE96139}.Debug|Any CPU.ActiveCfg = Debug|Any CPU
		{6CA1AF5C-5D29-475A-98C5-9E505EE96139}.Debug|Any CPU.Build.0 = Debug|Any CPU
		{6CA1AF5C-5D29-475A-98C5-9E505EE96139}.Release|Any CPU.ActiveCfg = Release|Any CPU
		{6CA1AF5C-5D29-475A-98C5-9E505EE96139}.Release|Any CPU.Build.0 = Release|Any CPU
	EndGlobalSection
	GlobalSection(SolutionProperties) = preSolution
		HideSolutionNode = FALSE
	EndGlobalSection
	GlobalSection(ExtensibilityGlobals) = postSolution
		SolutionGuid = {0CE9936E-A172-42B2-BAA9-3349F70F9988}
	EndGlobalSection
EndGlobal
